{
  "originHash" : "c0327de54d1b45fa1c665b91a5b21701575b4a5495228dd32d3d3c5959ef5e17",
  "pins" : [
    {
      "identity" : "sentry-cocoa",
      "kind" : "remoteSourceControl",
      "location" : "https://github.com/getsentry/sentry-cocoa",
      "state" : {
        "revision" : "a00a9784fff7193cbb0f9fae509fec8107e07744",
        "version" : "9.26.1"
      }
    }
  ],
  "version" : 3
}
